// !$*UTF8*$!
{
	archiveVersion = 1;
	classes = {
	};
	objectVersion = 46;
	objects = {

/* Begin PBXBuildFile section */
		C09311ED1779B55300E88006 /* UIKit.framework in Frameworks */ = {isa = PBXBuildFile; fileRef = C09311EC1779B55300E88006 /* UIKit.framework */; };
		C09311EF1779B55300E88006 /* Foundation.framework in Frameworks */ = {isa = PBXBuildFile; fileRef = C09311EE1779B55300E88006 /* Foundation.framework */; };
		C09311F11779B55300E88006 /* CoreGraphics.framework in Frameworks */ = {isa = PBXBuildFile; fileRef = C09311F01779B55300E88006 /* CoreGraphics.framework */; };
		C09311F71779B55300E88006 /* InfoPlist.strings in Resources */ = {isa = PBXBuildFile; fileRef = C09311F51779B55300E88006 /* InfoPlist.strings */; };
		C09311F91779B55300E88006 /* main.m in Sources */ = {isa = PBXBuildFile; fileRef = C09311F81779B55300E88006 /* main.m */; };
		C09311FD1779B55300E88006 /* AppDelegate.m in Sources */ = {isa = PBXBuildFile; fileRef = C09311FC1779B55300E88006 /* AppDelegate.m */; };
		C09311FF1779B55300E88006 /* Default.png in Resources */ = {isa = PBXBuildFile; fileRef = C09311FE1779B55300E88006 /* Default.png */; };
		C09312011779B55300E88006 /* Default@2x.png in Resources */ = {isa = PBXBuildFile; fileRef = C09312001779B55300E88006 /* Default@2x.png */; };
		C09312031779B55300E88006 /* Default-568h@2x.png in Resources */ = {isa = PBXBuildFile; fileRef = C09312021779B55300E88006 /* Default-568h@2x.png */; };
		C09312061779B55300E88006 /* MainStoryboard.storyboard in Resources */ = {isa = PBXBuildFile; fileRef = C09312041779B55300E88006 /* MainStoryboard.storyboard */; };
		C09312091779B55300E88006 /* ViewController.m in Sources */ = {isa = PBXBuildFile; fileRef = C09312081779B55300E88006 /* ViewController.m */; };
		C09312111779B6EE00E88006 /* SecondViewController.m in Sources */ = {isa = PBXBuildFile; fileRef = C09312101779B6EE00E88006 /* SecondViewController.m */; };
/* End PBXBuildFile section */

/* Begin PBXFileReference section */
		C09311E91779B55300E88006 /* myDelegateTest.app */ = {isa = PBXFileReference; explicitFileType = wrapper.application; includeInIndex = 0; path = myDelegateTest.app; sourceTree = BUILT_PRODUCTS_DIR; };
		C09311EC1779B55300E88006 /* UIKit.framework */ = {isa = PBXFileReference; lastKnownFileType = wrapper.framework; name = UIKit.framework; path = System/Library/Frameworks/UIKit.framework; sourceTree = SDKROOT; };
		C09311EE1779B55300E88006 /* Foundation.framework */ = {isa = PBXFileReference; lastKnownFileType = wrapper.framework; name = Foundation.framework; path = System/Library/Frameworks/Foundation.framework; sourceTree = SDKROOT; };
		C09311F01779B55300E88006 /* CoreGraphics.framework */ = {isa = PBXFileReference; lastKnownFileType = wrapper.framework; name = CoreGraphics.framework; path = System/Library/Frameworks/CoreGraphics.framework; sourceTree = SDKROOT; };
		C09311F41779B55300E88006 /* myDelegateTest-Info.plist */ = {isa = PBXFileReference; lastKnownFileType = text.plist.xml; path = "myDelegateTest-Info.plist"; sourceTree = "<group>"; };
		C09311F61779B55300E88006 /* en */ = {isa = PBXFileReference; lastKnownFileType = text.plist.strings; name = en; path = en.lproj/InfoPlist.strings; sourceTree = "<group>"; };
		C09311F81779B55300E88006 /* main.m */ = {isa = PBXFileReference; lastKnownFileType = sourcecode.c.objc; path = main.m; sourceTree = "<group>"; };
		C09311FA1779B55300E88006 /* myDelegateTest-Prefix.pch */ = {isa = PBXFileReference; lastKnownFileType = sourcecode.c.h; path = "myDelegateTest-Prefix.pch"; sourceTree = "<group>"; };
		C09311FB1779B55300E88006 /* AppDelegate.h */ = {isa = PBXFileReference; lastKnownFileType = sourcecode.c.h; path = AppDelegate.h; sourceTree = "<group>"; };
		C09311FC1779B55300E88006 /* AppDelegate.m */ = {isa = PBXFileReference; lastKnownFileType = sourcecode.c.objc; path = AppDelegate.m; sourceTree = "<group>"; };
		C09311FE1779B55300E88006 /* Default.png */ = {isa = PBXFileReference; lastKnownFileType = image.png; path = Default.png; sourceTree = "<group>"; };
		C09312001779B55300E88006 /* Default@2x.png */ = {isa = PBXFileReference; lastKnownFileType = image.png; path = "Default@2x.png"; sourceTree = "<group>"; };
		C09312021779B55300E88006 /* Default-568h@2x.png */ = {isa = PBXFileReference; lastKnownFileType = image.png; path = "Default-568h@2x.png"; sourceTree = "<group>"; };
		C09312051779B55300E88006 /* en */ = {isa = PBXFileReference; lastKnownFileType = file.storyboard; name = en; path = en.lproj/MainStoryboard.storyboard; sourceTree = "<group>"; };
		C09312071779B55300E88006 /* ViewController.h */ = {isa = PBXFileReference; lastKnownFileType = sourcecode.c.h; path = ViewController.h; sourceTree = "<group>"; };
		C09312081779B55300E88006 /* ViewController.m */ = {isa = PBXFileReference; lastKnownFileType = sourcecode.c.objc; path = ViewController.m; sourceTree = "<group>"; };
		C093120F1779B6EE00E88006 /* SecondViewController.h */ = {isa = PBXFileReference; fileEncoding = 4; lastKnownFileType = sourcecode.c.h; path = SecondViewController.h; sourceTree = "<group>"; };
		C09312101779B6EE00E88006 /* SecondViewController.m */ = {isa = PBXFileReference; fileEncoding = 4; lastKnownFileType = sourcecode.c.objc; path = SecondViewController.m; sourceTree = "<group>"; };
/* End PBXFileReference section */

/* Begin PBXFrameworksBuildPhase section */
		C09311E61779B55300E88006 /* Frameworks */ = {
			isa = PBXFrameworksBuildPhase;
			buildActionMask = 2147483647;
			files = (
				C09311ED1779B55300E88006 /* UIKit.framework in Frameworks */,
				C09311EF1779B55300E88006 /* Foundation.framework in Frameworks */,
				C09311F11779B55300E88006 /* CoreGraphics.framework in Frameworks */,
			);
			runOnlyForDeploymentPostprocessing = 0;
		};
/* End PBXFrameworksBuildPhase section */

/* Begin PBXGroup section */
		C09311E01779B55300E88006 = {
			isa = PBXGroup;
			children = (
				C09311F21779B55300E88006 /* myDelegateTest */,
				C09311EB1779B55300E88006 /* Frameworks */,
				C09311EA1779B55300E88006 /* Products */,
			);
			sourceTree = "<group>";
		};
		C09311EA1779B55300E88006 /* Products */ = {
			isa = PBXGroup;
			children = (
				C09311E91779B55300E88006 /* myDelegateTest.app */,
			);
			name = Products;
			sourceTree = "<group>";
		};
		C09311EB1779B55300E88006 /* Frameworks */ = {
			isa = PBXGroup;
			children = (
				C09311EC1779B55300E88006 /* UIKit.framework */,
				C09311EE1779B55300E88006 /* Foundation.framework */,
				C09311F01779B55300E88006 /* CoreGraphics.framework */,
			);
			name = Frameworks;
			sourceTree = "<group>";
		};
		C09311F21779B55300E88006 /* myDelegateTest */ = {
			isa = PBXGroup;
			children = (
				C09311FB1779B55300E88006 /* AppDelegate.h */,
				C09311FC1779B55300E88006 /* AppDelegate.m */,
				C09312041779B55300E88006 /* MainStoryboard.storyboard */,
				C09312071779B55300E88006 /* ViewController.h */,
				C09312081779B55300E88006 /* ViewController.m */,
				C093120F1779B6EE00E88006 /* SecondViewController.h */,
				C09312101779B6EE00E88006 /* SecondViewController.m */,
				C09311F31779B55300E88006 /* Supporting Files */,
			);
			path = myDelegateTest;
			sourceTree = "<group>";
		};
		C09311F31779B55300E88006 /* Supporting Files */ = {
			isa = PBXGroup;
			children = (
				C09311F41779B55300E88006 /* myDelegateTest-Info.plist */,
				C09311F51779B55300E88006 /* InfoPlist.strings */,
				C09311F81779B55300E88006 /* main.m */,
				C09311FA1779B55300E88006 /* myDelegateTest-Prefix.pch */,
				C09311FE1779B55300E88006 /* Default.png */,
				C09312001779B55300E88006 /* Default@2x.png */,
				C09312021779B55300E88006 /* Default-568h@2x.png */,
			);
			name = "Supporting Files";
			sourceTree = "<group>";
		};
/* End PBXGroup section */

/* Begin PBXNativeTarget section */
		C09311E81779B55300E88006 /* myDelegateTest */ = {
			isa = PBXNativeTarget;
			buildConfigurationList = C093120C1779B55300E88006 /* Build configuration list for PBXNativeTarget "myDelegateTest" */;
			buildPhases = (
				C09311E51779B55300E88006 /* Sources */,
				C09311E61779B55300E88006 /* Frameworks */,
				C09311E71779B55300E88006 /* Resources */,
			);
			buildRules = (
			);
			dependencies = (
			);
			name = myDelegateTest;
			productName = myDelegateTest;
			productReference = C09311E91779B55300E88006 /* myDelegateTest.app */;
			productType = "com.apple.product-type.application";
		};
/* End PBXNativeTarget section */

/* Begin PBXProject section */
		C09311E11779B55300E88006 /* Project object */ = {
			isa = PBXProject;
			attributes = {
				LastUpgradeCheck = 0460;
				ORGANIZATIONNAME = "Gabriel Massana";
			};
			buildConfigurationList = C09311E41779B55300E88006 /* Build configuration list for PBXProject "myDelegateTest" */;
			compatibilityVersion = "Xcode 3.2";
			developmentRegion = English;
			hasScannedForEncodings = 0;
			knownRegions = (
				en,
			);
			mainGroup = C09311E01779B55300E88006;
			productRefGroup = C09311EA1779B55300E88006 /* Products */;
			projectDirPath = "";
			projectRoot = "";
			targets = (
				C09311E81779B55300E88006 /* myDelegateTest */,
			);
		};
/* End PBXProject section */

/* Begin PBXResourcesBuildPhase section */
		C09311E71779B55300E88006 /* Resources */ = {
			isa = PBXResourcesBuildPhase;
			buildActionMask = 2147483647;
			files = (
				C09311F71779B55300E88006 /* InfoPlist.strings in Resources */,
				C09311FF1779B55300E88006 /* Default.png in Resources */,
				C09312011779B55300E88006 /* Default@2x.png in Resources */,
				C09312031779B55300E88006 /* Default-568h@2x.png in Resources */,
				C09312061779B55300E88006 /* MainStoryboard.storyboard in Resources */,
			);
			runOnlyForDeploymentPostprocessing = 0;
		};
/* End PBXResourcesBuildPhase section */

/* Begin PBXSourcesBuildPhase section */
		C09311E51779B55300E88006 /* Sources */ = {
			isa = PBXSourcesBuildPhase;
			buildActionMask = 2147483647;
			files = (
				C09311F91779B55300E88006 /* main.m in Sources */,
				C09311FD1779B55300E88006 /* AppDelegate.m in Sources */,
				C09312091779B55300E88006 /* ViewController.m in Sources */,
				C09312111779B6EE00E88006 /* SecondViewController.m in Sources */,
			);
			runOnlyForDeploymentPostprocessing = 0;
		};
/* End PBXSourcesBuildPhase section */

/* Begin PBXVariantGroup section */
		C09311F51779B55300E88006 /* InfoPlist.strings */ = {
			isa = PBXVariantGroup;
			children = (
				C09311F61779B55300E88006 /* en */,
			);
			name = InfoPlist.strings;
			sourceTree = "<group>";
		};
		C09312041779B55300E88006 /* MainStoryboard.storyboard */ = {
			isa = PBXVariantGroup;
			children = (
				C09312051779B55300E88006 /* en */,
			);
			name = MainStoryboard.storyboard;
			sourceTree = "<group>";
		};
/* End PBXVariantGroup section */

/* Begin XCBuildConfiguration section */
		C093120A1779B55300E88006 /* Debug */ = {
			isa = XCBuildConfiguration;
			buildSettings = {
				ALWAYS_SEARCH_USER_PATHS = NO;
				CLANG_CXX_LANGUAGE_STANDARD = "gnu++0x";
				CLANG_CXX_LIBRARY = "libc++";
				CLANG_ENABLE_OBJC_ARC = YES;
				CLANG_WARN_CONSTANT_CONVERSION = YES;
				CLANG_WARN_EMPTY_BODY = YES;
				CLANG_WARN_ENUM_CONVERSION = YES;
				CLANG_WARN_INT_CONVERSION = YES;
				CLANG_WARN__DUPLICATE_METHOD_MATCH = YES;
				"CODE_SIGN_IDENTITY[sdk=iphoneos*]" = "iPhone Developer";
				COPY_PHASE_STRIP = NO;
				GCC_C_LANGUAGE_STANDARD = gnu99;
				GCC_DYNAMIC_NO_PIC = NO;
				GCC_OPTIMIZATION_LEVEL = 0;
				GCC_PREPROCESSOR_DEFINITIONS = (
					"DEBUG=1",
					"$(inherited)",
				);
				GCC_SYMBOLS_PRIVATE_EXTERN = NO;
				GCC_WARN_ABOUT_RETURN_TYPE = YES;
				GCC_WARN_UNINITIALIZED_AUTOS = YES;
				GCC_WARN_UNUSED_VARIABLE = YES;
				IPHONEOS_DEPLOYMENT_TARGET = 6.1;
				ONLY_ACTIVE_ARCH = YES;
				SDKROOT = iphoneos;
			};
			name = Debug;
		};
		C093120B1779B55300E88006 /* Release */ = {
			isa = XCBuildConfiguration;
			buildSettings = {
				ALWAYS_SEARCH_USER_PATHS = NO;
				CLANG_CXX_LANGUAGE_STANDARD = "gnu++0x";
				CLANG_CXX_LIBRARY = "libc++";
				CLANG_ENABLE_OBJC_ARC = YES;
				CLANG_WARN_CONSTANT_CONVERSION = YES;
				CLANG_WARN_EMPTY_BODY = YES;
				CLANG_WARN_ENUM_CONVERSION = YES;
				CLANG_WARN_INT_CONVERSION = YES;
				CLANG_WARN__DUPLICATE_METHOD_MATCH = YES;
				"CODE_SIGN_IDENTITY[sdk=iphoneos*]" = "iPhone Developer";
				COPY_PHASE_STRIP = YES;
				GCC_C_LANGUAGE_STANDARD = gnu99;
				GCC_WARN_ABOUT_RETURN_TYPE = YES;
				GCC_WARN_UNINITIALIZED_AUTOS = YES;
				GCC_WARN_UNUSED_VARIABLE = YES;
				IPHONEOS_DEPLOYMENT_TARGET = 6.1;
				OTHER_CFLAGS = "-DNS_BLOCK_ASSERTIONS=1";
				SDKROOT = iphoneos;
				VALIDATE_PRODUCT = YES;
			};
			name = Release;
		};
		C093120D1779B55300E88006 /* Debug */ = {
			isa = XCBuildConfiguration;
			buildSettings = {
				GCC_PRECOMPILE_PREFIX_HEADER = YES;
				GCC_PREFIX_HEADER = "myDelegateTest/myDelegateTest-Prefix.pch";
				INFOPLIST_FILE = "myDelegateTest/myDelegateTest-Info.plist";
				PRODUCT_NAME = "$(TARGET_NAME)";
				WRAPPER_EXTENSION = app;
			};
			name = Debug;
		};
		C093120E1779B55300E88006 /* Release */ = {
			isa = XCBuildConfiguration;
			buildSettings = {
				GCC_PRECOMPILE_PREFIX_HEADER = YES;
				GCC_PREFIX_HEADER = "myDelegateTest/myDelegateTest-Prefix.pch";
				INFOPLIST_FILE = "myDelegateTest/myDelegateTest-Info.plist";
				PRODUCT_NAME = "$(TARGET_NAME)";
				WRAPPER_EXTENSION = app;
			};
			name = Release;
		};
/* End XCBuildConfiguration section */

/* Begin XCConfigurationList section */
		C09311E41779B55300E88006 /* Build configuration list for PBXProject "myDelegateTest" */ = {
			isa = XCConfigurationList;
			buildConfigurations = (
				C093120A1779B55300E88006 /* Debug */,
				C093120B1779B55300E88006 /* Release */,
			);
			defaultConfigurationIsVisible = 0;
			defaultConfigurationName = Release;
		};
		C093120C1779B55300E88006 /* Build configuration list for PBXNativeTarget "myDelegateTest" */ = {
			isa = XCConfigurationList;
			buildConfigurations = (
				C093120D1779B55300E88006 /* Debug */,
				C093120E1779B55300E88006 /* Release */,
			);
			defaultConfigurationIsVisible = 0;
		};
/* End XCConfigurationList section */
	};
	rootObject = C09311E11779B55300E88006 /* Project object */;
}
